// !$*UTF8*$!
{
	archiveVersion = 1;
	classes = {
	};
	objectVersion = 50;
	objects = {

/* Begin PBXBuildFile section */
		4F178067249CAC6D001C434A /* AppDelegate.swift in Sources */ = {isa = PBXBuildFile; fileRef = 4F178066249CAC6D001C434A /* AppDelegate.swift */; };
		4F178069249CAC6D001C434A /* SceneDelegate.swift in Sources */ = {isa = PBXBuildFile; fileRef = 4F178068249CAC6D001C434A /* SceneDelegate.swift */; };
		4F17806B249CAC6D001C434A /* ContentView.swift in Sources */ = {isa = PBXBuildFile; fileRef = 4F17806A249CAC6D001C434A /* ContentView.swift */; };
		4F17806D249CAC73001C434A /* Assets.xcassets in Resources */ = {isa = PBXBuildFile; fileRef = 4F17806C249CAC73001C434A /* Assets.xcassets */; };
		4F178070249CAC73001C434A /* Preview Assets.xcassets in Resources */ = {isa = PBXBuildFile; fileRef = 4F17806F249CAC73001C434A /* Preview Assets.xcassets */; };
		4F178073249CAC73001C434A /* LaunchScreen.storyboard in Resources */ = {isa = PBXBuildFile; fileRef = 4F178071249CAC73001C434A /* LaunchScreen.storyboard */; };
		4F17807B249CB40F001C434A /* CircleImage.swift in Sources */ = {isa = PBXBuildFile; fileRef = 4F17807A249CB40F001C434A /* CircleImage.swift */; };
		4F17807D249CB668001C434A /* MapView.swift in Sources */ = {isa = PBXBuildFile; fileRef = 4F17807C249CB668001C434A /* MapView.swift */; };
/* End PBXBuildFile section */

/* Begin PBXFileReference section */
		4F178063249CAC6D001C434A /* prototype_v_1.app */ = {isa = PBXFileReference; explicitFileType = wrapper.application; includeInIndex = 0; path = prototype_v_1.app; sourceTree = BUILT_PRODUCTS_DIR; };
		4F178066249CAC6D001C434A /* AppDelegate.swift */ = {isa = PBXFileReference; lastKnownFileType = sourcecode.swift; path = AppDelegate.swift; sourceTree = "<group>"; };
		4F178068249CAC6D001C434A /* SceneDelegate.swift */ = {isa = PBXFileReference; lastKnownFileType = sourcecode.swift; path = SceneDelegate.swift; sourceTree = "<group>"; };
		4F17806A249CAC6D001C434A /* ContentView.swift */ = {isa = PBXFileReference; lastKnownFileType = sourcecode.swift; path = ContentView.swift; sourceTree = "<group>"; };
		4F17806C249CAC73001C434A /* Assets.xcassets */ = {isa = PBXFileReference; lastKnownFileType = folder.assetcatalog; path = Assets.xcassets; sourceTree = "<group>"; };
		4F17806F249CAC73001C434A /* Preview Assets.xcassets */ = {isa = PBXFileReference; lastKnownFileType = folder.assetcatalog; path = "Preview Assets.xcassets"; sourceTree = "<group>"; };
		4F178072249CAC73001C434A /* Base */ = {isa = PBXFileReference; lastKnownFileType = file.storyboard; name = Base; path = Base.lproj/LaunchScreen.storyboard; sourceTree = "<group>"; };
		4F178074249CAC73001C434A /* Info.plist */ = {isa = PBXFileReference; lastKnownFileType = text.plist.xml; path = Info.plist; sourceTree = "<group>"; };
		4F17807A249CB40F001C434A /* CircleImage.swift */ = {isa = PBXFileReference; lastKnownFileType = sourcecode.swift; path = CircleImage.swift; sourceTree = "<group>"; };
		4F17807C249CB668001C434A /* MapView.swift */ = {isa = PBXFileReference; lastKnownFileType = sourcecode.swift; path = MapView.swift; sourceTree = "<group>"; };
/* End PBXFileReference section */

/* Begin PBXFrameworksBuildPhase section */
		4F178060249CAC6D001C434A /* Frameworks */ = {
			isa = PBXFrameworksBuildPhase;
			buildActionMask = 2147483647;
			files = (
			);
			runOnlyForDeploymentPostprocessing = 0;
		};
/* End PBXFrameworksBuildPhase section */

/* Begin PBXGroup section */
		4F17805A249CAC6D001C434A = {
			isa = PBXGroup;
			children = (
				4F178065249CAC6D001C434A /* prototype_v_1 */,
				4F178064249CAC6D001C434A /* Products */,
			);
			sourceTree = "<group>";
		};
		4F178064249CAC6D001C434A /* Products */ = {
			isa = PBXGroup;
			children = (
				4F178063249CAC6D001C434A /* prototype_v_1.app */,
			);
			name = Products;
			sourceTree = "<group>";
		};
		4F178065249CAC6D001C434A /* prototype_v_1 */ = {
			isa = PBXGroup;
			children = (
				4F178066249CAC6D001C434A /* AppDelegate.swift */,
				4F178068249CAC6D001C434A /* SceneDelegate.swift */,
				4F17806A249CAC6D001C434A /* ContentView.swift */,
				4F17806C249CAC73001C434A /* Assets.xcassets */,
				4F17807A249CB40F001C434A /* CircleImage.swift */,
				4F17807C249CB668001C434A /* MapView.swift */,
				4F178071249CAC73001C434A /* LaunchScreen.storyboard */,
				4F178074249CAC73001C434A /* Info.plist */,
				4F17806E249CAC73001C434A /* Preview Content */,
			);
			path = prototype_v_1;
			sourceTree = "<group>";
		};
		4F17806E249CAC73001C434A /* Preview Content */ = {
			isa = PBXGroup;
			children = (
				4F17806F249CAC73001C434A /* Preview Assets.xcassets */,
			);
			path = "Preview Content";
			sourceTree = "<group>";
		};
/* End PBXGroup section */

/* Begin PBXNativeTarget section */
		4F178062249CAC6D001C434A /* prototype_v_1 */ = {
			isa = PBXNativeTarget;
			buildConfigurationList = 4F178077249CAC73001C434A /* Build configuration list for PBXNativeTarget "prototype_v_1" */;
			buildPhases = (
				4F17805F249CAC6D001C434A /* Sources */,
				4F178060249CAC6D001C434A /* Frameworks */,
				4F178061249CAC6D001C434A /* Resources */,
			);
			buildRules = (
			);
			dependencies = (
			);
			name = prototype_v_1;
			productName = prototype_v_1;
			productReference = 4F178063249CAC6D001C434A /* prototype_v_1.app */;
			productType = "com.apple.product-type.application";
		};
/* End PBXNativeTarget section */

/* Begin PBXProject section */
		4F17805B249CAC6D001C434A /* Project object */ = {
			isa = PBXProject;
			attributes = {
				LastSwiftUpdateCheck = 1150;
				LastUpgradeCheck = 1150;
				ORGANIZATIONNAME = 42Seoul;
				TargetAttributes = {
					4F178062249CAC6D001C434A = {
						CreatedOnToolsVersion = 11.5;
					};
				};
			};
			buildConfigurationList = 4F17805E249CAC6D001C434A /* Build configuration list for PBXProject "prototype_v_1" */;
			compatibilityVersion = "Xcode 9.3";
			developmentRegion = en;
			hasScannedForEncodings = 0;
			knownRegions = (
				en,
				Base,
			);
			mainGroup = 4F17805A249CAC6D001C434A;
			productRefGroup = 4F178064249CAC6D001C434A /* Products */;
			projectDirPath = "";
			projectRoot = "";
			targets = (
				4F178062249CAC6D001C434A /* prototype_v_1 */,
			);
		};
/* End PBXProject section */

/* Begin PBXResourcesBuildPhase section */
		4F178061249CAC6D001C434A /* Resources */ = {
			isa = PBXResourcesBuildPhase;
			buildActionMask = 2147483647;
			files = (
				4F178073249CAC73001C434A /* LaunchScreen.storyboard in Resources */,
				4F178070249CAC73001C434A /* Preview Assets.xcassets in Resources */,
				4F17806D249CAC73001C434A /* Assets.xcassets in Resources */,
			);
			runOnlyForDeploymentPostprocessing = 0;
		};
/* End PBXResourcesBuildPhase section */

/* Begin PBXSourcesBuildPhase section */
		4F17805F249CAC6D001C434A /* Sources */ = {
			isa = PBXSourcesBuildPhase;
			buildActionMask = 2147483647;
			files = (
				4F178067249CAC6D001C434A /* AppDelegate.swift in Sources */,
				4F17807B249CB40F001C434A /* CircleImage.swift in Sources */,
				4F17807D249CB668001C434A /* MapView.swift in Sources */,
				4F178069249CAC6D001C434A /* SceneDelegate.swift in Sources */,
				4F17806B249CAC6D001C434A /* ContentView.swift in Sources */,
			);
			runOnlyForDeploymentPostprocessing = 0;
		};
/* End PBXSourcesBuildPhase section */

/* Begin PBXVariantGroup section */
		4F178071249CAC73001C434A /* LaunchScreen.storyboard */ = {
			isa = PBXVariantGroup;
			children = (
				4F178072249CAC73001C434A /* Base */,
			);
			name = LaunchScreen.storyboard;
			sourceTree = "<group>";
		};
/* End PBXVariantGroup section */

/* Begin XCBuildConfiguration section */
		4F178075249CAC73001C434A /* Debug */ = {
			isa = XCBuildConfiguration;
			buildSettings = {
				ALWAYS_SEARCH_USER_PATHS = NO;
				CLANG_ANALYZER_NONNULL = YES;
				CLANG_ANALYZER_NUMBER_OBJECT_CONVERSION = YES_AGGRESSIVE;
				CLANG_CXX_LANGUAGE_STANDARD = "gnu++14";
				CLANG_CXX_LIBRARY = "libc++";
				CLANG_ENABLE_MODULES = YES;
				CLANG_ENABLE_OBJC_ARC = YES;
				CLANG_ENABLE_OBJC_WEAK = YES;
				CLANG_WARN_BLOCK_CAPTURE_AUTORELEASING = YES;
				CLANG_WARN_BOOL_CONVERSION = YES;
				CLANG_WARN_COMMA = YES;
				CLANG_WARN_CONSTANT_CONVERSION = YES;
				CLANG_WARN_DEPRECATED_OBJC_IMPLEMENTATIONS = YES;
				CLANG_WARN_DIRECT_OBJC_ISA_USAGE = YES_ERROR;
				CLANG_WARN_DOCUMENTATION_COMMENTS = YES;
				CLANG_WARN_EMPTY_BODY = YES;
				CLANG_WARN_ENUM_CONVERSION = YES;
				CLANG_WARN_INFINITE_RECURSION = YES;
				CLANG_WARN_INT_CONVERSION = YES;
				CLANG_WARN_NON_LITERAL_NULL_CONVERSION = YES;
				CLANG_WARN_OBJC_IMPLICIT_RETAIN_SELF = YES;
				CLANG_WARN_OBJC_LITERAL_CONVERSION = YES;
				CLANG_WARN_OBJC_ROOT_CLASS = YES_ERROR;
				CLANG_WARN_RANGE_LOOP_ANALYSIS = YES;
				CLANG_WARN_STRICT_PROTOTYPES = YES;
				CLANG_WARN_SUSPICIOUS_MOVE = YES;
				CLANG_WARN_UNGUARDED_AVAILABILITY = YES_AGGRESSIVE;
				CLANG_WARN_UNREACHABLE_CODE = YES;
				CLANG_WARN__DUPLICATE_METHOD_MATCH = YES;
				COPY_PHASE_STRIP = NO;
				DEBUG_INFORMATION_FORMAT = dwarf;
				ENABLE_STRICT_OBJC_MSGSEND = YES;
				ENABLE_TESTABILITY = YES;
				GCC_C_LANGUAGE_STANDARD = gnu11;
				GCC_DYNAMIC_NO_PIC = NO;
				GCC_NO_COMMON_BLOCKS = YES;
				GCC_OPTIMIZATION_LEVEL = 0;
				GCC_PREPROCESSOR_DEFINITIONS = (
					"DEBUG=1",
					"$(inherited)",
				);
				GCC_WARN_64_TO_32_BIT_CONVERSION = YES;
				GCC_WARN_ABOUT_RETURN_TYPE = YES_ERROR;
				GCC_WARN_UNDECLARED_SELECTOR = YES;
				GCC_WARN_UNINITIALIZED_AUTOS = YES_AGGRESSIVE;
				GCC_WARN_UNUSED_FUNCTION = YES;
				GCC_WARN_UNUSED_VARIABLE = YES;
				IPHONEOS_DEPLOYMENT_TARGET = 13.5;
				MTL_ENABLE_DEBUG_INFO = INCLUDE_SOURCE;
				MTL_FAST_MATH = YES;
				ONLY_ACTIVE_ARCH = YES;
				SDKROOT = iphoneos;
				SWIFT_ACTIVE_COMPILATION_CONDITIONS = DEBUG;
				SWIFT_OPTIMIZATION_LEVEL = "-Onone";
			};
			name = Debug;
		};
		4F178076249CAC73001C434A /* Release */ = {
			isa = XCBuildConfiguration;
			buildSettings = {
				ALWAYS_SEARCH_USER_PATHS = NO;
				CLANG_ANALYZER_NONNULL = YES;
				CLANG_ANALYZER_NUMBER_OBJECT_CONVERSION = YES_AGGRESSIVE;
				CLANG_CXX_LANGUAGE_STANDARD = "gnu++14";
				CLANG_CXX_LIBRARY = "libc++";
				CLANG_ENABLE_MODULES = YES;
				CLANG_ENABLE_OBJC_ARC = YES;
				CLANG_ENABLE_OBJC_WEAK = YES;
				CLANG_WARN_BLOCK_CAPTURE_AUTORELEASING = YES;
				CLANG_WARN_BOOL_CONVERSION = YES;
				CLANG_WARN_COMMA = YES;
				CLANG_WARN_CONSTANT_CONVERSION = YES;
				CLANG_WARN_DEPRECATED_OBJC_IMPLEMENTATIONS = YES;
				CLANG_WARN_DIRECT_OBJC_ISA_USAGE = YES_ERROR;
				CLANG_WARN_DOCUMENTATION_COMMENTS = YES;
				CLANG_WARN_EMPTY_BODY = YES;
				CLANG_WARN_ENUM_CONVERSION = YES;
				CLANG_WARN_INFINITE_RECURSION = YES;
				CLANG_WARN_INT_CONVERSION = YES;
				CLANG_WARN_NON_LITERAL_NULL_CONVERSION = YES;
				CLANG_WARN_OBJC_IMPLICIT_RETAIN_SELF = YES;
				CLANG_WARN_OBJC_LITERAL_CONVERSION = YES;
				CLANG_WARN_OBJC_ROOT_CLASS = YES_ERROR;
				CLANG_WARN_RANGE_LOOP_ANALYSIS = YES;
				CLANG_WARN_STRICT_PROTOTYPES = YES;
				CLANG_WARN_SUSPICIOUS_MOVE = YES;
				CLANG_WARN_UNGUARDED_AVAILABILITY = YES_AGGRESSIVE;
				CLANG_WARN_UNREACHABLE_CODE = YES;
				CLANG_WARN__DUPLICATE_METHOD_MATCH = YES;
				COPY_PHASE_STRIP = NO;
				DEBUG_INFORMATION_FORMAT = "dwarf-with-dsym";
				ENABLE_NS_ASSERTIONS = NO;
				ENABLE_STRICT_OBJC_MSGSEND = YES;
				GCC_C_LANGUAGE_STANDARD = gnu11;
				GCC_NO_COMMON_BLOCKS = YES;
				GCC_WARN_64_TO_32_BIT_CONVERSION = YES;
				GCC_WARN_ABOUT_RETURN_TYPE = YES_ERROR;
				GCC_WARN_UNDECLARED_SELECTOR = YES;
				GCC_WARN_UNINITIALIZED_AUTOS = YES_AGGRESSIVE;
				GCC_WARN_UNUSED_FUNCTION = YES;
				GCC_WARN_UNUSED_VARIABLE = YES;
				IPHONEOS_DEPLOYMENT_TARGET = 13.5;
				MTL_ENABLE_DEBUG_INFO = NO;
				MTL_FAST_MATH = YES;
				SDKROOT = iphoneos;
				SWIFT_COMPILATION_MODE = wholemodule;
				SWIFT_OPTIMIZATION_LEVEL = "-O";
				VALIDATE_PRODUCT = YES;
			};
			name = Release;
		};
		4F178078249CAC73001C434A /* Debug */ = {
			isa = XCBuildConfiguration;
			buildSettings = {
				ASSETCATALOG_COMPILER_APPICON_NAME = AppIcon;
				CODE_SIGN_STYLE = Automatic;
				DEVELOPMENT_ASSET_PATHS = "\"prototype_v_1/Preview Content\"";
				ENABLE_PREVIEWS = YES;
				INFOPLIST_FILE = prototype_v_1/Info.plist;
				LD_RUNPATH_SEARCH_PATHS = (
					"$(inherited)",
					"@executable_path/Frameworks",
				);
				PRODUCT_BUNDLE_IDENTIFIER = "junhpark.prototype-v-1";
				PRODUCT_NAME = "$(TARGET_NAME)";
				SWIFT_VERSION = 5.0;
				TARGETED_DEVICE_FAMILY = "1,2";
			};
			name = Debug;
		};
		4F178079249CAC73001C434A /* Release */ = {
			isa = XCBuildConfiguration;
			buildSettings = {
				ASSETCATALOG_COMPILER_APPICON_NAME = AppIcon;
				CODE_SIGN_STYLE = Automatic;
				DEVELOPMENT_ASSET_PATHS = "\"prototype_v_1/Preview Content\"";
				ENABLE_PREVIEWS = YES;
				INFOPLIST_FILE = prototype_v_1/Info.plist;
				LD_RUNPATH_SEARCH_PATHS = (
					"$(inherited)",
					"@executable_path/Frameworks",
				);
				PRODUCT_BUNDLE_IDENTIFIER = "junhpark.prototype-v-1";
				PRODUCT_NAME = "$(TARGET_NAME)";
				SWIFT_VERSION = 5.0;
				TARGETED_DEVICE_FAMILY = "1,2";
			};
			name = Release;
		};
/* End XCBuildConfiguration section */

/* Begin XCConfigurationList section */
		4F17805E249CAC6D001C434A /* Build configuration list for PBXProject "prototype_v_1" */ = {
			isa = XCConfigurationList;
			buildConfigurations = (
				4F178075249CAC73001C434A /* Debug */,
				4F178076249CAC73001C434A /* Release */,
			);
			defaultConfigurationIsVisible = 0;
			defaultConfigurationName = Release;
		};
		4F178077249CAC73001C434A /* Build configuration list for PBXNativeTarget "prototype_v_1" */ = {
			isa = XCConfigurationList;
			buildConfigurations = (
				4F178078249CAC73001C434A /* Debug */,
				4F178079249CAC73001C434A /* Release */,
			);
			defaultConfigurationIsVisible = 0;
			defaultConfigurationName = Release;
		};
/* End XCConfigurationList section */
	};
	rootObject = 4F17805B249CAC6D001C434A /* Project object */;
}
